
Microsoft Visual Studio Solution File, Format Version 12.00
# Visual Studio Version 16
VisualStudioVersion = 16.0.29728.190
MinimumVisualStudioVersion = 10.0.40219.1
Project("{9A19103F-16F7-4668-BE54-9A1E7A4F7556}") = "CaptureServer", "CaptureServer\CaptureServer.csproj", "{29D849C9-2B1B-4236-9A10-A806516EF3B2}"
EndProject
Global
	GlobalSection(SolutionConfigurationPlatforms) = preSolution
		Debug|Any CPU = Debug|Any CPU
		Release|Any CPU = Release|Any CPU
	EndGlobalSection
	GlobalSection(ProjectConfigurationPlatforms) = postSolution
		{29D849C9-2B1B-4236-9A10-A806516EF3B2}.Debug|Any CPU.ActiveCfg = Debug|Any CPU
		{29D849C9-2B1B-4236-9A10-A806516EF3B2}.Debug|Any CPU.Build.0 = Debug|Any CPU
		{29D849C9-2B1B-4236-9A10-A806516EF3B2}.Release|Any CPU.ActiveCfg = Release|Any CPU
		{29D849C9-2B1B-4236-9A10-A806516EF3B2}.Release|Any CPU.Build.0 = Release|Any CPU
	EndGlobalSection
	GlobalSection(SolutionProperties) = preSolution
		HideSolutionNode = FALSE
	EndGlobalSection
	GlobalSection(ExtensibilityGlobals) = postSolution
		SolutionGuid = {72D91A33-023F-449F-B122-D50D032C6A87}
	EndGlobalSection
EndGlobal
